
Microsoft Visual Studio Solution File, Format Version 12.00
# Visual Studio 15
VisualStudioVersion = 15.0.28307.168
MinimumVisualStudioVersion = 10.0.40219.1
Project("{FAE04EC0-301F-11D3-BF4B-00C04F79EFBC}") = "ExplainInterfaces", "ExplainInterfaces.csproj", "{33DB3BB1-A8D5-4E0E-89C4-9A417B32769E}"
EndProject
Project("{FAE04EC0-301F-11D3-BF4B-00C04F79EFBC}") = "Concurrency", "Concurrency\Concurrency.csproj", "{29391D50-A4EC-4214-A3CD-D815F11B5EE5}"
EndProject
Project("{FAE04EC0-301F-11D3-BF4B-00C04F79EFBC}") = "HttpCalls", "HttpCalls\HttpCalls.csproj", "{8B94BA8E-1F9A-4ADA-95A9-8F5D50043AC5}"
EndProject
Project("{FAE04EC0-301F-11D3-BF4B-00C04F79EFBC}") = "GenericsII", "GenericsII\GenericsII.csproj", "{4543440D-16BA-4013-B88B-B54970257B55}"
EndProject
Global
	GlobalSection(SolutionConfigurationPlatforms) = preSolution
		Debug|Any CPU = Debug|Any CPU
		Release|Any CPU = Release|Any CPU
	EndGlobalSection
	GlobalSection(ProjectConfigurationPlatforms) = postSolution
		{33DB3BB1-A8D5-4E0E-89C4-9A417B32769E}.Debug|Any CPU.ActiveCfg = Debug|Any CPU
		{33DB3BB1-A8D5-4E0E-89C4-9A417B32769E}.Debug|Any CPU.Build.0 = Debug|Any CPU
		{33DB3BB1-A8D5-4E0E-89C4-9A417B32769E}.Release|Any CPU.ActiveCfg = Release|Any CPU
		{33DB3BB1-A8D5-4E0E-89C4-9A417B32769E}.Release|Any CPU.Build.0 = Release|Any CPU
		{29391D50-A4EC-4214-A3CD-D815F11B5EE5}.Debug|Any CPU.ActiveCfg = Debug|Any CPU
		{29391D50-A4EC-4214-A3CD-D815F11B5EE5}.Debug|Any CPU.Build.0 = Debug|Any CPU
		{29391D50-A4EC-4214-A3CD-D815F11B5EE5}.Release|Any CPU.ActiveCfg = Release|Any CPU
		{29391D50-A4EC-4214-A3CD-D815F11B5EE5}.Release|Any CPU.Build.0 = Release|Any CPU
		{8B94BA8E-1F9A-4ADA-95A9-8F5D50043AC5}.Debug|Any CPU.ActiveCfg = Debug|Any CPU
		{8B94BA8E-1F9A-4ADA-95A9-8F5D50043AC5}.Debug|Any CPU.Build.0 = Debug|Any CPU
		{8B94BA8E-1F9A-4ADA-95A9-8F5D50043AC5}.Release|Any CPU.ActiveCfg = Release|Any CPU
		{8B94BA8E-1F9A-4ADA-95A9-8F5D50043AC5}.Release|Any CPU.Build.0 = Release|Any CPU
		{4543440D-16BA-4013-B88B-B54970257B55}.Debug|Any CPU.ActiveCfg = Debug|Any CPU
		{4543440D-16BA-4013-B88B-B54970257B55}.Debug|Any CPU.Build.0 = Debug|Any CPU
		{4543440D-16BA-4013-B88B-B54970257B55}.Release|Any CPU.ActiveCfg = Release|Any CPU
		{4543440D-16BA-4013-B88B-B54970257B55}.Release|Any CPU.Build.0 = Release|Any CPU
	EndGlobalSection
	GlobalSection(SolutionProperties) = preSolution
		HideSolutionNode = FALSE
	EndGlobalSection
	GlobalSection(ExtensibilityGlobals) = postSolution
		SolutionGuid = {428ED447-4946-4F6F-88C9-C10A00B63028}
	EndGlobalSection
EndGlobal
